{
  "name": "terra",
  "version": "1.0.0",
  "lockfileVersion": 2,
  "requires": true,
  "packages": {
    "": {
      "name": "terra",
      "version": "1.0.0",
      "devDependencies": {
        "ts-alias": "^0.0.7",
        "typescript": "^5.0.4"
      }
    },
    "node_modules/json5": {
      "version": "2.2.3",
      "resolved": "https://registry.npmjs.org/json5/-/json5-2.2.3.tgz",
      "integrity": "sha512-XmOWe7eyHYH14cLdVPoyg+GOH3rYX++KpzrylJwSW98t3Nk+U8XOl8FWKOgwtzdb8lXGf6zYwDUzeHMWfxasyg==",
      "dev": true,
      "bin": {
        "json5": "lib/cli.js"
      },
      "engines": {
        "node": ">=6"
      }
    },
    "node_modules/ts-alias": {
      "version": "0.0.7",
      "resolved": "https://registry.npmjs.org/ts-alias/-/ts-alias-0.0.7.tgz",
      "integrity": "sha512-N4lWQLgmb873yQWqWIdHM+CMRIq+bfqFyme+CZ324RSL7hKOfVrg7GtUgkBSJyIEw8w+byN+ZI0mkB7PRp6XwA==",
      "dev": true,
      "dependencies": {
        "json5": "^2.2.0"
      }
    },
    "node_modules/typescript": {
      "version": "5.0.4",
      "resolved": "https://registry.npmjs.org/typescript/-/typescript-5.0.4.tgz",
      "integrity": "sha512-cW9T5W9xY37cc+jfEnaUvX91foxtHkza3Nw3wkoF4sSlKn0MONdkdEndig/qPBWXNkmplh3NzayQzCiHM4/hqw==",
      "dev": true,
      "bin": {
        "tsc": "bin/tsc",
        "tsserver": "bin/tsserver"
      },
      "engines": {
        "node": ">=12.20"
      }
    }
  },
  "dependencies": {
    "json5": {
      "version": "2.2.3",
      "resolved": "https://registry.npmjs.org/json5/-/json5-2.2.3.tgz",
      "integrity": "sha512-XmOWe7eyHYH14cLdVPoyg+GOH3rYX++KpzrylJwSW98t3Nk+U8XOl8FWKOgwtzdb8lXGf6zYwDUzeHMWfxasyg==",
      "dev": true
    },
    "ts-alias": {
      "version": "0.0.7",
      "resolved": "https://registry.npmjs.org/ts-alias/-/ts-alias-0.0.7.tgz",
      "integrity": "sha512-N4lWQLgmb873yQWqWIdHM+CMRIq+bfqFyme+CZ324RSL7hKOfVrg7GtUgkBSJyIEw8w+byN+ZI0mkB7PRp6XwA==",
      "dev": true,
      "requires": {
        "json5": "^2.2.0"
      }
    },
    "typescript": {
      "version": "5.0.4",
      "resolved": "https://registry.npmjs.org/typescript/-/typescript-5.0.4.tgz",
      "integrity": "sha512-cW9T5W9xY37cc+jfEnaUvX91foxtHkza3Nw3wkoF4sSlKn0MONdkdEndig/qPBWXNkmplh3NzayQzCiHM4/hqw==",
      "dev": true
    }
  }
}
